Microsoft Visual Studio Solution File, Format Version 11.00
# Visual Studio 2008

Project("{948FB86A-219A-70EE-58C7-DDE48C933D92}") = "BirdieBrawl", "Assembly-CSharp-firstpass.csproj", "{C9FF23B9-E66C-FFD6-1659-EF81F2876E7D}"
EndProject
Project("{948FB86A-219A-70EE-58C7-DDE48C933D92}") = "BirdieBrawl", "Assembly-CSharp.csproj", "{1605CF4D-DFE8-AEE5-9738-DA655D8C417B}"
EndProject
Project("{948FB86A-219A-70EE-58C7-DDE48C933D92}") = "BirdieBrawl", "Assembly-CSharp-Editor-firstpass.csproj", "{441CFFFE-9038-D0A5-55DD-EF75185AB50D}"
EndProject
Global
	GlobalSection(SolutionConfigurationPlatforms) = preSolution
		Debug|Any CPU = Debug|Any CPU
		Release|Any CPU = Release|Any CPU
	EndGlobalSection
	GlobalSection(ProjectConfigurationPlatforms) = postSolution
		{C9FF23B9-E66C-FFD6-1659-EF81F2876E7D}.Debug|Any CPU.ActiveCfg = Debug|Any CPU
		{C9FF23B9-E66C-FFD6-1659-EF81F2876E7D}.Debug|Any CPU.Build.0 = Debug|Any CPU
		{C9FF23B9-E66C-FFD6-1659-EF81F2876E7D}.Release|Any CPU.ActiveCfg = Release|Any CPU
		{C9FF23B9-E66C-FFD6-1659-EF81F2876E7D}.Release|Any CPU.Build.0 = Release|Any CPU
		{1605CF4D-DFE8-AEE5-9738-DA655D8C417B}.Debug|Any CPU.ActiveCfg = Debug|Any CPU
		{1605CF4D-DFE8-AEE5-9738-DA655D8C417B}.Debug|Any CPU.Build.0 = Debug|Any CPU
		{1605CF4D-DFE8-AEE5-9738-DA655D8C417B}.Release|Any CPU.ActiveCfg = Release|Any CPU
		{1605CF4D-DFE8-AEE5-9738-DA655D8C417B}.Release|Any CPU.Build.0 = Release|Any CPU
		{441CFFFE-9038-D0A5-55DD-EF75185AB50D}.Debug|Any CPU.ActiveCfg = Debug|Any CPU
		{441CFFFE-9038-D0A5-55DD-EF75185AB50D}.Debug|Any CPU.Build.0 = Debug|Any CPU
		{441CFFFE-9038-D0A5-55DD-EF75185AB50D}.Release|Any CPU.ActiveCfg = Release|Any CPU
		{441CFFFE-9038-D0A5-55DD-EF75185AB50D}.Release|Any CPU.Build.0 = Release|Any CPU
	EndGlobalSection
	GlobalSection(SolutionProperties) = preSolution
		HideSolutionNode = FALSE
	EndGlobalSection
							GlobalSection(MonoDevelopProperties) = preSolution
		StartupItem = Assembly-CSharp.csproj
		Policies = $0
		$0.TextStylePolicy = $1
		$1.inheritsSet = null
		$1.scope = text/x-csharp
		$0.CSharpFormattingPolicy = $2
		$2.inheritsSet = Mono
		$2.inheritsScope = text/x-csharp
		$2.scope = text/x-csharp
		$0.TextStylePolicy = $3
		$3.FileWidth = 120
		$3.TabWidth = 4
		$3.EolMarker = Unix
		$3.inheritsSet = Mono
		$3.inheritsScope = text/plain
		$3.scope = text/plain
	EndGlobalSection

EndGlobal
